
Microsoft Visual Studio Solution File, Format Version 12.00
# Visual Studio Version 16
VisualStudioVersion = 16.0.31911.196
MinimumVisualStudioVersion = 10.0.40219.1
Project("{FAE04EC0-301F-11D3-BF4B-00C04F79EFBC}") = "AssessoriaCartoesApi", "AssessoriaCartoesApi\AssessoriaCartoesApi.csproj", "{E78DB95C-BDF5-4B7F-81EF-E7772F6E8519}"
EndProject
Project("{FAE04EC0-301F-11D3-BF4B-00C04F79EFBC}") = "AssessoriaCartoesApi.Data", "AssessoriaCartoesApi.Data\AssessoriaCartoesApi.Data.csproj", "{39A68F32-6399-4938-9ABD-9646FDB41C31}"
EndProject
Global
	GlobalSection(SolutionConfigurationPlatforms) = preSolution
		Debug|Any CPU = Debug|Any CPU
		Release|Any CPU = Release|Any CPU
	EndGlobalSection
	GlobalSection(ProjectConfigurationPlatforms) = postSolution
		{E78DB95C-BDF5-4B7F-81EF-E7772F6E8519}.Debug|Any CPU.ActiveCfg = Debug|Any CPU
		{E78DB95C-BDF5-4B7F-81EF-E7772F6E8519}.Debug|Any CPU.Build.0 = Debug|Any CPU
		{E78DB95C-BDF5-4B7F-81EF-E7772F6E8519}.Release|Any CPU.ActiveCfg = Release|Any CPU
		{E78DB95C-BDF5-4B7F-81EF-E7772F6E8519}.Release|Any CPU.Build.0 = Release|Any CPU
		{39A68F32-6399-4938-9ABD-9646FDB41C31}.Debug|Any CPU.ActiveCfg = Debug|Any CPU
		{39A68F32-6399-4938-9ABD-9646FDB41C31}.Debug|Any CPU.Build.0 = Debug|Any CPU
		{39A68F32-6399-4938-9ABD-9646FDB41C31}.Release|Any CPU.ActiveCfg = Release|Any CPU
		{39A68F32-6399-4938-9ABD-9646FDB41C31}.Release|Any CPU.Build.0 = Release|Any CPU
	EndGlobalSection
	GlobalSection(SolutionProperties) = preSolution
		HideSolutionNode = FALSE
	EndGlobalSection
	GlobalSection(ExtensibilityGlobals) = postSolution
		SolutionGuid = {26C44132-8F3D-4D1D-8B71-CCB061BB0893}
	EndGlobalSection
EndGlobal
